// !$*UTF8*$!
{
	archiveVersion = 1;
	classes = {
	};
	objectVersion = 48;
	objects = {

/* Begin PBXBuildFile section */
		6D16019C5A24C71E87EFA312 /* Pods_CodeExcercise.framework in Frameworks */ = {isa = PBXBuildFile; fileRef = F3335F77BD11E9A3F1747E77 /* Pods_CodeExcercise.framework */; };
		8D7D54A706A9185DC140DB4C /* Pods_CodeExcerciseUITests.framework in Frameworks */ = {isa = PBXBuildFile; fileRef = 703BF132F7B9A0E854400C7B /* Pods_CodeExcerciseUITests.framework */; };
		B43A333F0A97ED6354E44FF7 /* Pods_CodeExcerciseTests.framework in Frameworks */ = {isa = PBXBuildFile; fileRef = BFF389DB27D64858F859CFFA /* Pods_CodeExcerciseTests.framework */; };
		C17B39D62030D0DC006246C6 /* AppDelegate.swift in Sources */ = {isa = PBXBuildFile; fileRef = C17B39D52030D0DC006246C6 /* AppDelegate.swift */; };
		C17B39DD2030D0DC006246C6 /* Assets.xcassets in Resources */ = {isa = PBXBuildFile; fileRef = C17B39DC2030D0DC006246C6 /* Assets.xcassets */; };
		C17B39E02030D0DC006246C6 /* LaunchScreen.storyboard in Resources */ = {isa = PBXBuildFile; fileRef = C17B39DE2030D0DC006246C6 /* LaunchScreen.storyboard */; };
		C17B39EB2030D0DC006246C6 /* CodeExcerciseTests.swift in Sources */ = {isa = PBXBuildFile; fileRef = C17B39EA2030D0DC006246C6 /* CodeExcerciseTests.swift */; };
		C17B39F62030D0DC006246C6 /* CodeExcerciseUITests.swift in Sources */ = {isa = PBXBuildFile; fileRef = C17B39F52030D0DC006246C6 /* CodeExcerciseUITests.swift */; };
/* End PBXBuildFile section */

/* Begin PBXContainerItemProxy section */
		C17B39E72030D0DC006246C6 /* PBXContainerItemProxy */ = {
			isa = PBXContainerItemProxy;
			containerPortal = C17B39CA2030D0DC006246C6 /* Project object */;
			proxyType = 1;
			remoteGlobalIDString = C17B39D12030D0DC006246C6;
			remoteInfo = CodeExcercise;
		};
		C17B39F22030D0DC006246C6 /* PBXContainerItemProxy */ = {
			isa = PBXContainerItemProxy;
			containerPortal = C17B39CA2030D0DC006246C6 /* Project object */;
			proxyType = 1;
			remoteGlobalIDString = C17B39D12030D0DC006246C6;
			remoteInfo = CodeExcercise;
		};
/* End PBXContainerItemProxy section */

/* Begin PBXFileReference section */
		0B81569DC40C280F551783DE /* Pods-CodeExcerciseUITests.release.xcconfig */ = {isa = PBXFileReference; includeInIndex = 1; lastKnownFileType = text.xcconfig; name = "Pods-CodeExcerciseUITests.release.xcconfig"; path = "Pods/Target Support Files/Pods-CodeExcerciseUITests/Pods-CodeExcerciseUITests.release.xcconfig"; sourceTree = "<group>"; };
		4215DD170938E5AE70A92991 /* Pods-CodeExcercise.debug.xcconfig */ = {isa = PBXFileReference; includeInIndex = 1; lastKnownFileType = text.xcconfig; name = "Pods-CodeExcercise.debug.xcconfig"; path = "Pods/Target Support Files/Pods-CodeExcercise/Pods-CodeExcercise.debug.xcconfig"; sourceTree = "<group>"; };
		572E43055E52CEA8AFB3E359 /* Pods-CodeExcerciseTests.release.xcconfig */ = {isa = PBXFileReference; includeInIndex = 1; lastKnownFileType = text.xcconfig; name = "Pods-CodeExcerciseTests.release.xcconfig"; path = "Pods/Target Support Files/Pods-CodeExcerciseTests/Pods-CodeExcerciseTests.release.xcconfig"; sourceTree = "<group>"; };
		58DDD2AE0A84FA1A29754266 /* Pods-CodeExcerciseTests.debug.xcconfig */ = {isa = PBXFileReference; includeInIndex = 1; lastKnownFileType = text.xcconfig; name = "Pods-CodeExcerciseTests.debug.xcconfig"; path = "Pods/Target Support Files/Pods-CodeExcerciseTests/Pods-CodeExcerciseTests.debug.xcconfig"; sourceTree = "<group>"; };
		68A87CD0523412BEE2F3805E /* Pods-CodeExcerciseUITests.debug.xcconfig */ = {isa = PBXFileReference; includeInIndex = 1; lastKnownFileType = text.xcconfig; name = "Pods-CodeExcerciseUITests.debug.xcconfig"; path = "Pods/Target Support Files/Pods-CodeExcerciseUITests/Pods-CodeExcerciseUITests.debug.xcconfig"; sourceTree = "<group>"; };
		6CC9C95766D24140EC037B99 /* Pods-CodeExcercise.release.xcconfig */ = {isa = PBXFileReference; includeInIndex = 1; lastKnownFileType = text.xcconfig; name = "Pods-CodeExcercise.release.xcconfig"; path = "Pods/Target Support Files/Pods-CodeExcercise/Pods-CodeExcercise.release.xcconfig"; sourceTree = "<group>"; };
		703BF132F7B9A0E854400C7B /* Pods_CodeExcerciseUITests.framework */ = {isa = PBXFileReference; explicitFileType = wrapper.framework; includeInIndex = 0; path = Pods_CodeExcerciseUITests.framework; sourceTree = BUILT_PRODUCTS_DIR; };
		BFF389DB27D64858F859CFFA /* Pods_CodeExcerciseTests.framework */ = {isa = PBXFileReference; explicitFileType = wrapper.framework; includeInIndex = 0; path = Pods_CodeExcerciseTests.framework; sourceTree = BUILT_PRODUCTS_DIR; };
		C17B39D22030D0DC006246C6 /* CodeExcercise.app */ = {isa = PBXFileReference; explicitFileType = wrapper.application; includeInIndex = 0; path = CodeExcercise.app; sourceTree = BUILT_PRODUCTS_DIR; };
		C17B39D52030D0DC006246C6 /* AppDelegate.swift */ = {isa = PBXFileReference; lastKnownFileType = sourcecode.swift; path = AppDelegate.swift; sourceTree = "<group>"; };
		C17B39DC2030D0DC006246C6 /* Assets.xcassets */ = {isa = PBXFileReference; lastKnownFileType = folder.assetcatalog; path = Assets.xcassets; sourceTree = "<group>"; };
		C17B39DF2030D0DC006246C6 /* Base */ = {isa = PBXFileReference; lastKnownFileType = file.storyboard; name = Base; path = Base.lproj/LaunchScreen.storyboard; sourceTree = "<group>"; };
		C17B39E12030D0DC006246C6 /* Info.plist */ = {isa = PBXFileReference; lastKnownFileType = text.plist.xml; path = Info.plist; sourceTree = "<group>"; };
		C17B39E62030D0DC006246C6 /* CodeExcerciseTests.xctest */ = {isa = PBXFileReference; explicitFileType = wrapper.cfbundle; includeInIndex = 0; path = CodeExcerciseTests.xctest; sourceTree = BUILT_PRODUCTS_DIR; };
		C17B39EA2030D0DC006246C6 /* CodeExcerciseTests.swift */ = {isa = PBXFileReference; lastKnownFileType = sourcecode.swift; path = CodeExcerciseTests.swift; sourceTree = "<group>"; };
		C17B39EC2030D0DC006246C6 /* Info.plist */ = {isa = PBXFileReference; lastKnownFileType = text.plist.xml; path = Info.plist; sourceTree = "<group>"; };
		C17B39F12030D0DC006246C6 /* CodeExcerciseUITests.xctest */ = {isa = PBXFileReference; explicitFileType = wrapper.cfbundle; includeInIndex = 0; path = CodeExcerciseUITests.xctest; sourceTree = BUILT_PRODUCTS_DIR; };
		C17B39F52030D0DC006246C6 /* CodeExcerciseUITests.swift */ = {isa = PBXFileReference; lastKnownFileType = sourcecode.swift; path = CodeExcerciseUITests.swift; sourceTree = "<group>"; };
		C17B39F72030D0DC006246C6 /* Info.plist */ = {isa = PBXFileReference; lastKnownFileType = text.plist.xml; path = Info.plist; sourceTree = "<group>"; };
		F3335F77BD11E9A3F1747E77 /* Pods_CodeExcercise.framework */ = {isa = PBXFileReference; explicitFileType = wrapper.framework; includeInIndex = 0; path = Pods_CodeExcercise.framework; sourceTree = BUILT_PRODUCTS_DIR; };
/* End PBXFileReference section */

/* Begin PBXFrameworksBuildPhase section */
		C17B39CF2030D0DC006246C6 /* Frameworks */ = {
			isa = PBXFrameworksBuildPhase;
			buildActionMask = 2147483647;
			files = (
				6D16019C5A24C71E87EFA312 /* Pods_CodeExcercise.framework in Frameworks */,
			);
			runOnlyForDeploymentPostprocessing = 0;
		};
		C17B39E32030D0DC006246C6 /* Frameworks */ = {
			isa = PBXFrameworksBuildPhase;
			buildActionMask = 2147483647;
			files = (
				B43A333F0A97ED6354E44FF7 /* Pods_CodeExcerciseTests.framework in Frameworks */,
			);
			runOnlyForDeploymentPostprocessing = 0;
		};
		C17B39EE2030D0DC006246C6 /* Frameworks */ = {
			isa = PBXFrameworksBuildPhase;
			buildActionMask = 2147483647;
			files = (
				8D7D54A706A9185DC140DB4C /* Pods_CodeExcerciseUITests.framework in Frameworks */,
			);
			runOnlyForDeploymentPostprocessing = 0;
		};
/* End PBXFrameworksBuildPhase section */

/* Begin PBXGroup section */
		1CE8814C2EE7EB43B8E86325 /* Pods */ = {
			isa = PBXGroup;
			children = (
				4215DD170938E5AE70A92991 /* Pods-CodeExcercise.debug.xcconfig */,
				6CC9C95766D24140EC037B99 /* Pods-CodeExcercise.release.xcconfig */,
				58DDD2AE0A84FA1A29754266 /* Pods-CodeExcerciseTests.debug.xcconfig */,
				572E43055E52CEA8AFB3E359 /* Pods-CodeExcerciseTests.release.xcconfig */,
				68A87CD0523412BEE2F3805E /* Pods-CodeExcerciseUITests.debug.xcconfig */,
				0B81569DC40C280F551783DE /* Pods-CodeExcerciseUITests.release.xcconfig */,
			);
			name = Pods;
			sourceTree = "<group>";
		};
		C17B39C92030D0DC006246C6 = {
			isa = PBXGroup;
			children = (
				C17B39D42030D0DC006246C6 /* CodeExcercise */,
				C17B39E92030D0DC006246C6 /* CodeExcerciseTests */,
				C17B39F42030D0DC006246C6 /* CodeExcerciseUITests */,
				C17B39D32030D0DC006246C6 /* Products */,
				1CE8814C2EE7EB43B8E86325 /* Pods */,
				C4ED576E4F2C658B098A28B5 /* Frameworks */,
			);
			sourceTree = "<group>";
		};
		C17B39D32030D0DC006246C6 /* Products */ = {
			isa = PBXGroup;
			children = (
				C17B39D22030D0DC006246C6 /* CodeExcercise.app */,
				C17B39E62030D0DC006246C6 /* CodeExcerciseTests.xctest */,
				C17B39F12030D0DC006246C6 /* CodeExcerciseUITests.xctest */,
			);
			name = Products;
			sourceTree = "<group>";
		};
		C17B39D42030D0DC006246C6 /* CodeExcercise */ = {
			isa = PBXGroup;
			children = (
				C17B39D52030D0DC006246C6 /* AppDelegate.swift */,
				C17B39DC2030D0DC006246C6 /* Assets.xcassets */,
				C17B39DE2030D0DC006246C6 /* LaunchScreen.storyboard */,
				C17B39E12030D0DC006246C6 /* Info.plist */,
			);
			path = CodeExcercise;
			sourceTree = "<group>";
		};
		C17B39E92030D0DC006246C6 /* CodeExcerciseTests */ = {
			isa = PBXGroup;
			children = (
				C17B39EA2030D0DC006246C6 /* CodeExcerciseTests.swift */,
				C17B39EC2030D0DC006246C6 /* Info.plist */,
			);
			path = CodeExcerciseTests;
			sourceTree = "<group>";
		};
		C17B39F42030D0DC006246C6 /* CodeExcerciseUITests */ = {
			isa = PBXGroup;
			children = (
				C17B39F52030D0DC006246C6 /* CodeExcerciseUITests.swift */,
				C17B39F72030D0DC006246C6 /* Info.plist */,
			);
			path = CodeExcerciseUITests;
			sourceTree = "<group>";
		};
		C4ED576E4F2C658B098A28B5 /* Frameworks */ = {
			isa = PBXGroup;
			children = (
				F3335F77BD11E9A3F1747E77 /* Pods_CodeExcercise.framework */,
				BFF389DB27D64858F859CFFA /* Pods_CodeExcerciseTests.framework */,
				703BF132F7B9A0E854400C7B /* Pods_CodeExcerciseUITests.framework */,
			);
			name = Frameworks;
			sourceTree = "<group>";
		};
/* End PBXGroup section */

/* Begin PBXNativeTarget section */
		C17B39D12030D0DC006246C6 /* CodeExcercise */ = {
			isa = PBXNativeTarget;
			buildConfigurationList = C17B39FA2030D0DC006246C6 /* Build configuration list for PBXNativeTarget "CodeExcercise" */;
			buildPhases = (
				E18EF9909352196BF6D3BA50 /* [CP] Check Pods Manifest.lock */,
				C17B39CE2030D0DC006246C6 /* Sources */,
				C17B39CF2030D0DC006246C6 /* Frameworks */,
				C17B39D02030D0DC006246C6 /* Resources */,
				FCE59D1CB89E73296640BCCA /* [CP] Embed Pods Frameworks */,
				52D496E4A6E5BB038BD8E374 /* [CP] Copy Pods Resources */,
			);
			buildRules = (
			);
			dependencies = (
			);
			name = CodeExcercise;
			productName = CodeExcercise;
			productReference = C17B39D22030D0DC006246C6 /* CodeExcercise.app */;
			productType = "com.apple.product-type.application";
		};
		C17B39E52030D0DC006246C6 /* CodeExcerciseTests */ = {
			isa = PBXNativeTarget;
			buildConfigurationList = C17B39FD2030D0DC006246C6 /* Build configuration list for PBXNativeTarget "CodeExcerciseTests" */;
			buildPhases = (
				8714FBDB8DAA89B51558D1B3 /* [CP] Check Pods Manifest.lock */,
				C17B39E22030D0DC006246C6 /* Sources */,
				C17B39E32030D0DC006246C6 /* Frameworks */,
				C17B39E42030D0DC006246C6 /* Resources */,
				A4BEF5BD8CB71A3E97C97783 /* [CP] Embed Pods Frameworks */,
				52965BA4BA434D33161D9056 /* [CP] Copy Pods Resources */,
			);
			buildRules = (
			);
			dependencies = (
				C17B39E82030D0DC006246C6 /* PBXTargetDependency */,
			);
			name = CodeExcerciseTests;
			productName = CodeExcerciseTests;
			productReference = C17B39E62030D0DC006246C6 /* CodeExcerciseTests.xctest */;
			productType = "com.apple.product-type.bundle.unit-test";
		};
		C17B39F02030D0DC006246C6 /* CodeExcerciseUITests */ = {
			isa = PBXNativeTarget;
			buildConfigurationList = C17B3A002030D0DC006246C6 /* Build configuration list for PBXNativeTarget "CodeExcerciseUITests" */;
			buildPhases = (
				6A14A745AABAD42CE2FCFFF5 /* [CP] Check Pods Manifest.lock */,
				C17B39ED2030D0DC006246C6 /* Sources */,
				C17B39EE2030D0DC006246C6 /* Frameworks */,
				C17B39EF2030D0DC006246C6 /* Resources */,
				2A3543B7B07E870968C4F3E4 /* [CP] Embed Pods Frameworks */,
				74A5B0822150F98A7FA87410 /* [CP] Copy Pods Resources */,
			);
			buildRules = (
			);
			dependencies = (
				C17B39F32030D0DC006246C6 /* PBXTargetDependency */,
			);
			name = CodeExcerciseUITests;
			productName = CodeExcerciseUITests;
			productReference = C17B39F12030D0DC006246C6 /* CodeExcerciseUITests.xctest */;
			productType = "com.apple.product-type.bundle.ui-testing";
		};
/* End PBXNativeTarget section */

/* Begin PBXProject section */
		C17B39CA2030D0DC006246C6 /* Project object */ = {
			isa = PBXProject;
			attributes = {
				LastSwiftUpdateCheck = 0920;
				LastUpgradeCheck = 0920;
				ORGANIZATIONNAME = vimlesh;
				TargetAttributes = {
					C17B39D12030D0DC006246C6 = {
						CreatedOnToolsVersion = 9.2;
						ProvisioningStyle = Automatic;
					};
					C17B39E52030D0DC006246C6 = {
						CreatedOnToolsVersion = 9.2;
						ProvisioningStyle = Automatic;
						TestTargetID = C17B39D12030D0DC006246C6;
					};
					C17B39F02030D0DC006246C6 = {
						CreatedOnToolsVersion = 9.2;
						ProvisioningStyle = Automatic;
						TestTargetID = C17B39D12030D0DC006246C6;
					};
				};
			};
			buildConfigurationList = C17B39CD2030D0DC006246C6 /* Build configuration list for PBXProject "CodeExcercise" */;
			compatibilityVersion = "Xcode 8.0";
			developmentRegion = en;
			hasScannedForEncodings = 0;
			knownRegions = (
				en,
				Base,
			);
			mainGroup = C17B39C92030D0DC006246C6;
			productRefGroup = C17B39D32030D0DC006246C6 /* Products */;
			projectDirPath = "";
			projectRoot = "";
			targets = (
				C17B39D12030D0DC006246C6 /* CodeExcercise */,
				C17B39E52030D0DC006246C6 /* CodeExcerciseTests */,
				C17B39F02030D0DC006246C6 /* CodeExcerciseUITests */,
			);
		};
/* End PBXProject section */

/* Begin PBXResourcesBuildPhase section */
		C17B39D02030D0DC006246C6 /* Resources */ = {
			isa = PBXResourcesBuildPhase;
			buildActionMask = 2147483647;
			files = (
				C17B39E02030D0DC006246C6 /* LaunchScreen.storyboard in Resources */,
				C17B39DD2030D0DC006246C6 /* Assets.xcassets in Resources */,
			);
			runOnlyForDeploymentPostprocessing = 0;
		};
		C17B39E42030D0DC006246C6 /* Resources */ = {
			isa = PBXResourcesBuildPhase;
			buildActionMask = 2147483647;
			files = (
			);
			runOnlyForDeploymentPostprocessing = 0;
		};
		C17B39EF2030D0DC006246C6 /* Resources */ = {
			isa = PBXResourcesBuildPhase;
			buildActionMask = 2147483647;
			files = (
			);
			runOnlyForDeploymentPostprocessing = 0;
		};
/* End PBXResourcesBuildPhase section */

/* Begin PBXShellScriptBuildPhase section */
		2A3543B7B07E870968C4F3E4 /* [CP] Embed Pods Frameworks */ = {
			isa = PBXShellScriptBuildPhase;
			buildActionMask = 2147483647;
			files = (
			);
			inputPaths = (
			);
			name = "[CP] Embed Pods Frameworks";
			outputPaths = (
			);
			runOnlyForDeploymentPostprocessing = 0;
			shellPath = /bin/sh;
			shellScript = "\"${SRCROOT}/Pods/Target Support Files/Pods-CodeExcerciseUITests/Pods-CodeExcerciseUITests-frameworks.sh\"\n";
			showEnvVarsInLog = 0;
		};
		52965BA4BA434D33161D9056 /* [CP] Copy Pods Resources */ = {
			isa = PBXShellScriptBuildPhase;
			buildActionMask = 2147483647;
			files = (
			);
			inputPaths = (
			);
			name = "[CP] Copy Pods Resources";
			outputPaths = (
			);
			runOnlyForDeploymentPostprocessing = 0;
			shellPath = /bin/sh;
			shellScript = "\"${SRCROOT}/Pods/Target Support Files/Pods-CodeExcerciseTests/Pods-CodeExcerciseTests-resources.sh\"\n";
			showEnvVarsInLog = 0;
		};
		52D496E4A6E5BB038BD8E374 /* [CP] Copy Pods Resources */ = {
			isa = PBXShellScriptBuildPhase;
			buildActionMask = 2147483647;
			files = (
			);
			inputPaths = (
			);
			name = "[CP] Copy Pods Resources";
			outputPaths = (
			);
			runOnlyForDeploymentPostprocessing = 0;
			shellPath = /bin/sh;
			shellScript = "\"${SRCROOT}/Pods/Target Support Files/Pods-CodeExcercise/Pods-CodeExcercise-resources.sh\"\n";
			showEnvVarsInLog = 0;
		};
		6A14A745AABAD42CE2FCFFF5 /* [CP] Check Pods Manifest.lock */ = {
			isa = PBXShellScriptBuildPhase;
			buildActionMask = 2147483647;
			files = (
			);
			inputPaths = (
				"${PODS_PODFILE_DIR_PATH}/Podfile.lock",
				"${PODS_ROOT}/Manifest.lock",
			);
			name = "[CP] Check Pods Manifest.lock";
			outputPaths = (
				"$(DERIVED_FILE_DIR)/Pods-CodeExcerciseUITests-checkManifestLockResult.txt",
			);
			runOnlyForDeploymentPostprocessing = 0;
			shellPath = /bin/sh;
			shellScript = "diff \"${PODS_PODFILE_DIR_PATH}/Podfile.lock\" \"${PODS_ROOT}/Manifest.lock\" > /dev/null\nif [ $? != 0 ] ; then\n    # print error to STDERR\n    echo \"error: The sandbox is not in sync with the Podfile.lock. Run 'pod install' or update your CocoaPods installation.\" >&2\n    exit 1\nfi\n# This output is used by Xcode 'outputs' to avoid re-running this script phase.\necho \"SUCCESS\" > \"${SCRIPT_OUTPUT_FILE_0}\"\n";
			showEnvVarsInLog = 0;
		};
		74A5B0822150F98A7FA87410 /* [CP] Copy Pods Resources */ = {
			isa = PBXShellScriptBuildPhase;
			buildActionMask = 2147483647;
			files = (
			);
			inputPaths = (
			);
			name = "[CP] Copy Pods Resources";
			outputPaths = (
			);
			runOnlyForDeploymentPostprocessing = 0;
			shellPath = /bin/sh;
			shellScript = "\"${SRCROOT}/Pods/Target Support Files/Pods-CodeExcerciseUITests/Pods-CodeExcerciseUITests-resources.sh\"\n";
			showEnvVarsInLog = 0;
		};
		8714FBDB8DAA89B51558D1B3 /* [CP] Check Pods Manifest.lock */ = {
			isa = PBXShellScriptBuildPhase;
			buildActionMask = 2147483647;
			files = (
			);
			inputPaths = (
				"${PODS_PODFILE_DIR_PATH}/Podfile.lock",
				"${PODS_ROOT}/Manifest.lock",
			);
			name = "[CP] Check Pods Manifest.lock";
			outputPaths = (
				"$(DERIVED_FILE_DIR)/Pods-CodeExcerciseTests-checkManifestLockResult.txt",
			);
			runOnlyForDeploymentPostprocessing = 0;
			shellPath = /bin/sh;
			shellScript = "diff \"${PODS_PODFILE_DIR_PATH}/Podfile.lock\" \"${PODS_ROOT}/Manifest.lock\" > /dev/null\nif [ $? != 0 ] ; then\n    # print error to STDERR\n    echo \"error: The sandbox is not in sync with the Podfile.lock. Run 'pod install' or update your CocoaPods installation.\" >&2\n    exit 1\nfi\n# This output is used by Xcode 'outputs' to avoid re-running this script phase.\necho \"SUCCESS\" > \"${SCRIPT_OUTPUT_FILE_0}\"\n";
			showEnvVarsInLog = 0;
		};
		A4BEF5BD8CB71A3E97C97783 /* [CP] Embed Pods Frameworks */ = {
			isa = PBXShellScriptBuildPhase;
			buildActionMask = 2147483647;
			files = (
			);
			inputPaths = (
			);
			name = "[CP] Embed Pods Frameworks";
			outputPaths = (
			);
			runOnlyForDeploymentPostprocessing = 0;
			shellPath = /bin/sh;
			shellScript = "\"${SRCROOT}/Pods/Target Support Files/Pods-CodeExcerciseTests/Pods-CodeExcerciseTests-frameworks.sh\"\n";
			showEnvVarsInLog = 0;
		};
		E18EF9909352196BF6D3BA50 /* [CP] Check Pods Manifest.lock */ = {
			isa = PBXShellScriptBuildPhase;
			buildActionMask = 2147483647;
			files = (
			);
			inputPaths = (
				"${PODS_PODFILE_DIR_PATH}/Podfile.lock",
				"${PODS_ROOT}/Manifest.lock",
			);
			name = "[CP] Check Pods Manifest.lock";
			outputPaths = (
				"$(DERIVED_FILE_DIR)/Pods-CodeExcercise-checkManifestLockResult.txt",
			);
			runOnlyForDeploymentPostprocessing = 0;
			shellPath = /bin/sh;
			shellScript = "diff \"${PODS_PODFILE_DIR_PATH}/Podfile.lock\" \"${PODS_ROOT}/Manifest.lock\" > /dev/null\nif [ $? != 0 ] ; then\n    # print error to STDERR\n    echo \"error: The sandbox is not in sync with the Podfile.lock. Run 'pod install' or update your CocoaPods installation.\" >&2\n    exit 1\nfi\n# This output is used by Xcode 'outputs' to avoid re-running this script phase.\necho \"SUCCESS\" > \"${SCRIPT_OUTPUT_FILE_0}\"\n";
			showEnvVarsInLog = 0;
		};
		FCE59D1CB89E73296640BCCA /* [CP] Embed Pods Frameworks */ = {
			isa = PBXShellScriptBuildPhase;
			buildActionMask = 2147483647;
			files = (
			);
			inputPaths = (
				"${SRCROOT}/Pods/Target Support Files/Pods-CodeExcercise/Pods-CodeExcercise-frameworks.sh",
				"${BUILT_PRODUCTS_DIR}/Alamofire/Alamofire.framework",
				"${BUILT_PRODUCTS_DIR}/AlamofireImage/AlamofireImage.framework",
				"${BUILT_PRODUCTS_DIR}/DGElasticPullToRefresh/DGElasticPullToRefresh.framework",
				"${BUILT_PRODUCTS_DIR}/SnapKit/SnapKit.framework",
			);
			name = "[CP] Embed Pods Frameworks";
			outputPaths = (
				"${TARGET_BUILD_DIR}/${FRAMEWORKS_FOLDER_PATH}/Alamofire.framework",
				"${TARGET_BUILD_DIR}/${FRAMEWORKS_FOLDER_PATH}/AlamofireImage.framework",
				"${TARGET_BUILD_DIR}/${FRAMEWORKS_FOLDER_PATH}/DGElasticPullToRefresh.framework",
				"${TARGET_BUILD_DIR}/${FRAMEWORKS_FOLDER_PATH}/SnapKit.framework",
			);
			runOnlyForDeploymentPostprocessing = 0;
			shellPath = /bin/sh;
			shellScript = "\"${SRCROOT}/Pods/Target Support Files/Pods-CodeExcercise/Pods-CodeExcercise-frameworks.sh\"\n";
			showEnvVarsInLog = 0;
		};
/* End PBXShellScriptBuildPhase section */

/* Begin PBXSourcesBuildPhase section */
		C17B39CE2030D0DC006246C6 /* Sources */ = {
			isa = PBXSourcesBuildPhase;
			buildActionMask = 2147483647;
			files = (
				C17B39D62030D0DC006246C6 /* AppDelegate.swift in Sources */,
			);
			runOnlyForDeploymentPostprocessing = 0;
		};
		C17B39E22030D0DC006246C6 /* Sources */ = {
			isa = PBXSourcesBuildPhase;
			buildActionMask = 2147483647;
			files = (
				C17B39EB2030D0DC006246C6 /* CodeExcerciseTests.swift in Sources */,
			);
			runOnlyForDeploymentPostprocessing = 0;
		};
		C17B39ED2030D0DC006246C6 /* Sources */ = {
			isa = PBXSourcesBuildPhase;
			buildActionMask = 2147483647;
			files = (
				C17B39F62030D0DC006246C6 /* CodeExcerciseUITests.swift in Sources */,
			);
			runOnlyForDeploymentPostprocessing = 0;
		};
/* End PBXSourcesBuildPhase section */

/* Begin PBXTargetDependency section */
		C17B39E82030D0DC006246C6 /* PBXTargetDependency */ = {
			isa = PBXTargetDependency;
			target = C17B39D12030D0DC006246C6 /* CodeExcercise */;
			targetProxy = C17B39E72030D0DC006246C6 /* PBXContainerItemProxy */;
		};
		C17B39F32030D0DC006246C6 /* PBXTargetDependency */ = {
			isa = PBXTargetDependency;
			target = C17B39D12030D0DC006246C6 /* CodeExcercise */;
			targetProxy = C17B39F22030D0DC006246C6 /* PBXContainerItemProxy */;
		};
/* End PBXTargetDependency section */

/* Begin PBXVariantGroup section */
		C17B39DE2030D0DC006246C6 /* LaunchScreen.storyboard */ = {
			isa = PBXVariantGroup;
			children = (
				C17B39DF2030D0DC006246C6 /* Base */,
			);
			name = LaunchScreen.storyboard;
			sourceTree = "<group>";
		};
/* End PBXVariantGroup section */

/* Begin XCBuildConfiguration section */
		C17B39F82030D0DC006246C6 /* Debug */ = {
			isa = XCBuildConfiguration;
			buildSettings = {
				ALWAYS_SEARCH_USER_PATHS = NO;
				CLANG_ANALYZER_NONNULL = YES;
				CLANG_ANALYZER_NUMBER_OBJECT_CONVERSION = YES_AGGRESSIVE;
				CLANG_CXX_LANGUAGE_STANDARD = "gnu++14";
				CLANG_CXX_LIBRARY = "libc++";
				CLANG_ENABLE_MODULES = YES;
				CLANG_ENABLE_OBJC_ARC = YES;
				CLANG_WARN_BLOCK_CAPTURE_AUTORELEASING = YES;
				CLANG_WARN_BOOL_CONVERSION = YES;
				CLANG_WARN_COMMA = YES;
				CLANG_WARN_CONSTANT_CONVERSION = YES;
				CLANG_WARN_DIRECT_OBJC_ISA_USAGE = YES_ERROR;
				CLANG_WARN_DOCUMENTATION_COMMENTS = YES;
				CLANG_WARN_EMPTY_BODY = YES;
				CLANG_WARN_ENUM_CONVERSION = YES;
				CLANG_WARN_INFINITE_RECURSION = YES;
				CLANG_WARN_INT_CONVERSION = YES;
				CLANG_WARN_NON_LITERAL_NULL_CONVERSION = YES;
				CLANG_WARN_OBJC_LITERAL_CONVERSION = YES;
				CLANG_WARN_OBJC_ROOT_CLASS = YES_ERROR;
				CLANG_WARN_RANGE_LOOP_ANALYSIS = YES;
				CLANG_WARN_STRICT_PROTOTYPES = YES;
				CLANG_WARN_SUSPICIOUS_MOVE = YES;
				CLANG_WARN_UNGUARDED_AVAILABILITY = YES_AGGRESSIVE;
				CLANG_WARN_UNREACHABLE_CODE = YES;
				CLANG_WARN__DUPLICATE_METHOD_MATCH = YES;
				CODE_SIGN_IDENTITY = "iPhone Developer";
				COPY_PHASE_STRIP = NO;
				DEBUG_INFORMATION_FORMAT = dwarf;
				ENABLE_STRICT_OBJC_MSGSEND = YES;
				ENABLE_TESTABILITY = YES;
				GCC_C_LANGUAGE_STANDARD = gnu11;
				GCC_DYNAMIC_NO_PIC = NO;
				GCC_NO_COMMON_BLOCKS = YES;
				GCC_OPTIMIZATION_LEVEL = 0;
				GCC_PREPROCESSOR_DEFINITIONS = (
					"DEBUG=1",
					"$(inherited)",
				);
				GCC_WARN_64_TO_32_BIT_CONVERSION = YES;
				GCC_WARN_ABOUT_RETURN_TYPE = YES_ERROR;
				GCC_WARN_UNDECLARED_SELECTOR = YES;
				GCC_WARN_UNINITIALIZED_AUTOS = YES_AGGRESSIVE;
				GCC_WARN_UNUSED_FUNCTION = YES;
				GCC_WARN_UNUSED_VARIABLE = YES;
				IPHONEOS_DEPLOYMENT_TARGET = 11.2;
				MTL_ENABLE_DEBUG_INFO = YES;
				ONLY_ACTIVE_ARCH = YES;
				SDKROOT = iphoneos;
				SWIFT_ACTIVE_COMPILATION_CONDITIONS = DEBUG;
				SWIFT_OPTIMIZATION_LEVEL = "-Onone";
			};
			name = Debug;
		};
		C17B39F92030D0DC006246C6 /* Release */ = {
			isa = XCBuildConfiguration;
			buildSettings = {
				ALWAYS_SEARCH_USER_PATHS = NO;
				CLANG_ANALYZER_NONNULL = YES;
				CLANG_ANALYZER_NUMBER_OBJECT_CONVERSION = YES_AGGRESSIVE;
				CLANG_CXX_LANGUAGE_STANDARD = "gnu++14";
				CLANG_CXX_LIBRARY = "libc++";
				CLANG_ENABLE_MODULES = YES;
				CLANG_ENABLE_OBJC_ARC = YES;
				CLANG_WARN_BLOCK_CAPTURE_AUTORELEASING = YES;
				CLANG_WARN_BOOL_CONVERSION = YES;
				CLANG_WARN_COMMA = YES;
				CLANG_WARN_CONSTANT_CONVERSION = YES;
				CLANG_WARN_DIRECT_OBJC_ISA_USAGE = YES_ERROR;
				CLANG_WARN_DOCUMENTATION_COMMENTS = YES;
				CLANG_WARN_EMPTY_BODY = YES;
				CLANG_WARN_ENUM_CONVERSION = YES;
				CLANG_WARN_INFINITE_RECURSION = YES;
				CLANG_WARN_INT_CONVERSION = YES;
				CLANG_WARN_NON_LITERAL_NULL_CONVERSION = YES;
				CLANG_WARN_OBJC_LITERAL_CONVERSION = YES;
				CLANG_WARN_OBJC_ROOT_CLASS = YES_ERROR;
				CLANG_WARN_RANGE_LOOP_ANALYSIS = YES;
				CLANG_WARN_STRICT_PROTOTYPES = YES;
				CLANG_WARN_SUSPICIOUS_MOVE = YES;
				CLANG_WARN_UNGUARDED_AVAILABILITY = YES_AGGRESSIVE;
				CLANG_WARN_UNREACHABLE_CODE = YES;
				CLANG_WARN__DUPLICATE_METHOD_MATCH = YES;
				CODE_SIGN_IDENTITY = "iPhone Developer";
				COPY_PHASE_STRIP = NO;
				DEBUG_INFORMATION_FORMAT = "dwarf-with-dsym";
				ENABLE_NS_ASSERTIONS = NO;
				ENABLE_STRICT_OBJC_MSGSEND = YES;
				GCC_C_LANGUAGE_STANDARD = gnu11;
				GCC_NO_COMMON_BLOCKS = YES;
				GCC_WARN_64_TO_32_BIT_CONVERSION = YES;
				GCC_WARN_ABOUT_RETURN_TYPE = YES_ERROR;
				GCC_WARN_UNDECLARED_SELECTOR = YES;
				GCC_WARN_UNINITIALIZED_AUTOS = YES_AGGRESSIVE;
				GCC_WARN_UNUSED_FUNCTION = YES;
				GCC_WARN_UNUSED_VARIABLE = YES;
				IPHONEOS_DEPLOYMENT_TARGET = 11.2;
				MTL_ENABLE_DEBUG_INFO = NO;
				SDKROOT = iphoneos;
				SWIFT_OPTIMIZATION_LEVEL = "-Owholemodule";
				VALIDATE_PRODUCT = YES;
			};
			name = Release;
		};
		C17B39FB2030D0DC006246C6 /* Debug */ = {
			isa = XCBuildConfiguration;
			baseConfigurationReference = 4215DD170938E5AE70A92991 /* Pods-CodeExcercise.debug.xcconfig */;
			buildSettings = {
				ASSETCATALOG_COMPILER_APPICON_NAME = AppIcon;
				CODE_SIGN_STYLE = Automatic;
				DEVELOPMENT_TEAM = E4836R5N49;
				INFOPLIST_FILE = CodeExcercise/Info.plist;
				IPHONEOS_DEPLOYMENT_TARGET = 9.0;
				LD_RUNPATH_SEARCH_PATHS = "$(inherited) @executable_path/Frameworks";
				PRODUCT_BUNDLE_IDENTIFIER = com.test.com.CodeExcercise;
				PRODUCT_NAME = "$(TARGET_NAME)";
				SWIFT_VERSION = 4.0;
				TARGETED_DEVICE_FAMILY = "1,2";
			};
			name = Debug;
		};
		C17B39FC2030D0DC006246C6 /* Release */ = {
			isa = XCBuildConfiguration;
			baseConfigurationReference = 6CC9C95766D24140EC037B99 /* Pods-CodeExcercise.release.xcconfig */;
			buildSettings = {
				ASSETCATALOG_COMPILER_APPICON_NAME = AppIcon;
				CODE_SIGN_STYLE = Automatic;
				DEVELOPMENT_TEAM = E4836R5N49;
				INFOPLIST_FILE = CodeExcercise/Info.plist;
				IPHONEOS_DEPLOYMENT_TARGET = 9.0;
				LD_RUNPATH_SEARCH_PATHS = "$(inherited) @executable_path/Frameworks";
				PRODUCT_BUNDLE_IDENTIFIER = com.test.com.CodeExcercise;
				PRODUCT_NAME = "$(TARGET_NAME)";
				SWIFT_VERSION = 4.0;
				TARGETED_DEVICE_FAMILY = "1,2";
			};
			name = Release;
		};
		C17B39FE2030D0DC006246C6 /* Debug */ = {
			isa = XCBuildConfiguration;
			baseConfigurationReference = 58DDD2AE0A84FA1A29754266 /* Pods-CodeExcerciseTests.debug.xcconfig */;
			buildSettings = {
				ALWAYS_EMBED_SWIFT_STANDARD_LIBRARIES = YES;
				BUNDLE_LOADER = "$(TEST_HOST)";
				CODE_SIGN_STYLE = Automatic;
				DEVELOPMENT_TEAM = E4836R5N49;
				INFOPLIST_FILE = CodeExcerciseTests/Info.plist;
				LD_RUNPATH_SEARCH_PATHS = "$(inherited) @executable_path/Frameworks @loader_path/Frameworks";
				PRODUCT_BUNDLE_IDENTIFIER = com.test.com.CodeExcerciseTests;
				PRODUCT_NAME = "$(TARGET_NAME)";
				SWIFT_VERSION = 4.0;
				TARGETED_DEVICE_FAMILY = "1,2";
				TEST_HOST = "$(BUILT_PRODUCTS_DIR)/CodeExcercise.app/CodeExcercise";
			};
			name = Debug;
		};
		C17B39FF2030D0DC006246C6 /* Release */ = {
			isa = XCBuildConfiguration;
			baseConfigurationReference = 572E43055E52CEA8AFB3E359 /* Pods-CodeExcerciseTests.release.xcconfig */;
			buildSettings = {
				ALWAYS_EMBED_SWIFT_STANDARD_LIBRARIES = YES;
				BUNDLE_LOADER = "$(TEST_HOST)";
				CODE_SIGN_STYLE = Automatic;
				DEVELOPMENT_TEAM = E4836R5N49;
				INFOPLIST_FILE = CodeExcerciseTests/Info.plist;
				LD_RUNPATH_SEARCH_PATHS = "$(inherited) @executable_path/Frameworks @loader_path/Frameworks";
				PRODUCT_BUNDLE_IDENTIFIER = com.test.com.CodeExcerciseTests;
				PRODUCT_NAME = "$(TARGET_NAME)";
				SWIFT_VERSION = 4.0;
				TARGETED_DEVICE_FAMILY = "1,2";
				TEST_HOST = "$(BUILT_PRODUCTS_DIR)/CodeExcercise.app/CodeExcercise";
			};
			name = Release;
		};
		C17B3A012030D0DC006246C6 /* Debug */ = {
			isa = XCBuildConfiguration;
			baseConfigurationReference = 68A87CD0523412BEE2F3805E /* Pods-CodeExcerciseUITests.debug.xcconfig */;
			buildSettings = {
				ALWAYS_EMBED_SWIFT_STANDARD_LIBRARIES = YES;
				CODE_SIGN_STYLE = Automatic;
				DEVELOPMENT_TEAM = E4836R5N49;
				INFOPLIST_FILE = CodeExcerciseUITests/Info.plist;
				LD_RUNPATH_SEARCH_PATHS = "$(inherited) @executable_path/Frameworks @loader_path/Frameworks";
				PRODUCT_BUNDLE_IDENTIFIER = com.test.com.CodeExcerciseUITests;
				PRODUCT_NAME = "$(TARGET_NAME)";
				SWIFT_VERSION = 4.0;
				TARGETED_DEVICE_FAMILY = "1,2";
				TEST_TARGET_NAME = CodeExcercise;
			};
			name = Debug;
		};
		C17B3A022030D0DC006246C6 /* Release */ = {
			isa = XCBuildConfiguration;
			baseConfigurationReference = 0B81569DC40C280F551783DE /* Pods-CodeExcerciseUITests.release.xcconfig */;
			buildSettings = {
				ALWAYS_EMBED_SWIFT_STANDARD_LIBRARIES = YES;
				CODE_SIGN_STYLE = Automatic;
				DEVELOPMENT_TEAM = E4836R5N49;
				INFOPLIST_FILE = CodeExcerciseUITests/Info.plist;
				LD_RUNPATH_SEARCH_PATHS = "$(inherited) @executable_path/Frameworks @loader_path/Frameworks";
				PRODUCT_BUNDLE_IDENTIFIER = com.test.com.CodeExcerciseUITests;
				PRODUCT_NAME = "$(TARGET_NAME)";
				SWIFT_VERSION = 4.0;
				TARGETED_DEVICE_FAMILY = "1,2";
				TEST_TARGET_NAME = CodeExcercise;
			};
			name = Release;
		};
/* End XCBuildConfiguration section */

/* Begin XCConfigurationList section */
		C17B39CD2030D0DC006246C6 /* Build configuration list for PBXProject "CodeExcercise" */ = {
			isa = XCConfigurationList;
			buildConfigurations = (
				C17B39F82030D0DC006246C6 /* Debug */,
				C17B39F92030D0DC006246C6 /* Release */,
			);
			defaultConfigurationIsVisible = 0;
			defaultConfigurationName = Release;
		};
		C17B39FA2030D0DC006246C6 /* Build configuration list for PBXNativeTarget "CodeExcercise" */ = {
			isa = XCConfigurationList;
			buildConfigurations = (
				C17B39FB2030D0DC006246C6 /* Debug */,
				C17B39FC2030D0DC006246C6 /* Release */,
			);
			defaultConfigurationIsVisible = 0;
			defaultConfigurationName = Release;
		};
		C17B39FD2030D0DC006246C6 /* Build configuration list for PBXNativeTarget "CodeExcerciseTests" */ = {
			isa = XCConfigurationList;
			buildConfigurations = (
				C17B39FE2030D0DC006246C6 /* Debug */,
				C17B39FF2030D0DC006246C6 /* Release */,
			);
			defaultConfigurationIsVisible = 0;
			defaultConfigurationName = Release;
		};
		C17B3A002030D0DC006246C6 /* Build configuration list for PBXNativeTarget "CodeExcerciseUITests" */ = {
			isa = XCConfigurationList;
			buildConfigurations = (
				C17B3A012030D0DC006246C6 /* Debug */,
				C17B3A022030D0DC006246C6 /* Release */,
			);
			defaultConfigurationIsVisible = 0;
			defaultConfigurationName = Release;
		};
/* End XCConfigurationList section */
	};
	rootObject = C17B39CA2030D0DC006246C6 /* Project object */;
}
